Microsoft Visual Studio Solution File, Format Version 12.00
# Visual Studio Version 17
VisualStudioVersion = 17.5.2.0
MinimumVisualStudioVersion = 10.0.40219.1
Project("{FAE04EC0-301F-11D3-BF4B-00C04F79EFBC}") = "KomorebiConfigurator", "KomorebiConfigurator.csproj", "{0728DB8E-997D-4ECF-30E6-30A875DB4C17}"
EndProject
Global
	GlobalSection(SolutionConfigurationPlatforms) = preSolution
		Debug|Any CPU = Debug|Any CPU
		Release|Any CPU = Release|Any CPU
	EndGlobalSection
	GlobalSection(ProjectConfigurationPlatforms) = postSolution
		{0728DB8E-997D-4ECF-30E6-30A875DB4C17}.Debug|Any CPU.ActiveCfg = Debug|Any CPU
		{0728DB8E-997D-4ECF-30E6-30A875DB4C17}.Debug|Any CPU.Build.0 = Debug|Any CPU
		{0728DB8E-997D-4ECF-30E6-30A875DB4C17}.Release|Any CPU.ActiveCfg = Release|Any CPU
		{0728DB8E-997D-4ECF-30E6-30A875DB4C17}.Release|Any CPU.Build.0 = Release|Any CPU
	EndGlobalSection
	GlobalSection(SolutionProperties) = preSolution
		HideSolutionNode = FALSE
	EndGlobalSection
	GlobalSection(ExtensibilityGlobals) = postSolution
		SolutionGuid = {4B3C34EE-A3BA-4FD4-9945-4622CFC7F054}
	EndGlobalSection
EndGlobal
